
Microsoft Visual Studio Solution File, Format Version 12.00
# Visual Studio Version 17
VisualStudioVersion = 17.4.33122.133
MinimumVisualStudioVersion = 10.0.40219.1
Project("{888888A0-9F3D-457C-B088-3A5042F75D52}") = "Tsükkel", "Tsükkel\Tsükkel.pyproj", "{5E64FCC9-94A5-4E1D-B2E6-42B2EF0B2842}"
EndProject
Global
	GlobalSection(SolutionConfigurationPlatforms) = preSolution
		Debug|Any CPU = Debug|Any CPU
		Release|Any CPU = Release|Any CPU
	EndGlobalSection
	GlobalSection(ProjectConfigurationPlatforms) = postSolution
		{5E64FCC9-94A5-4E1D-B2E6-42B2EF0B2842}.Debug|Any CPU.ActiveCfg = Debug|Any CPU
		{5E64FCC9-94A5-4E1D-B2E6-42B2EF0B2842}.Release|Any CPU.ActiveCfg = Release|Any CPU
	EndGlobalSection
	GlobalSection(SolutionProperties) = preSolution
		HideSolutionNode = FALSE
	EndGlobalSection
	GlobalSection(ExtensibilityGlobals) = postSolution
		SolutionGuid = {880D639B-C964-4C04-8A16-CB4A5B681396}
	EndGlobalSection
EndGlobal
